
Microsoft Visual Studio Solution File, Format Version 12.00
# Visual Studio Version 17
VisualStudioVersion = 17.4.33110.190
MinimumVisualStudioVersion = 10.0.40219.1
Project("{9A19103F-16F7-4668-BE54-9A1E7A4F7556}") = "DevIO.Business", "src\DevIO.Business\DevIO.Business.csproj", "{8E0B4A1F-CDC7-4E10-9D6E-38AB606D9262}"
EndProject
Project("{9A19103F-16F7-4668-BE54-9A1E7A4F7556}") = "DevIO.Data", "src\DevIO.Data\DevIO.Data.csproj", "{C63F4BD6-7012-4DE1-807D-5DBE98692575}"
EndProject
Project("{9A19103F-16F7-4668-BE54-9A1E7A4F7556}") = "DevIO.Api", "src\DevIO.Api\DevIO.Api.csproj", "{953743DF-96C3-47F0-B9FF-42519A972A8B}"
EndProject
Global
	GlobalSection(SolutionConfigurationPlatforms) = preSolution
		Debug|Any CPU = Debug|Any CPU
		Release|Any CPU = Release|Any CPU
	EndGlobalSection
	GlobalSection(ProjectConfigurationPlatforms) = postSolution
		{8E0B4A1F-CDC7-4E10-9D6E-38AB606D9262}.Debug|Any CPU.ActiveCfg = Debug|Any CPU
		{8E0B4A1F-CDC7-4E10-9D6E-38AB606D9262}.Debug|Any CPU.Build.0 = Debug|Any CPU
		{8E0B4A1F-CDC7-4E10-9D6E-38AB606D9262}.Release|Any CPU.ActiveCfg = Release|Any CPU
		{8E0B4A1F-CDC7-4E10-9D6E-38AB606D9262}.Release|Any CPU.Build.0 = Release|Any CPU
		{C63F4BD6-7012-4DE1-807D-5DBE98692575}.Debug|Any CPU.ActiveCfg = Debug|Any CPU
		{C63F4BD6-7012-4DE1-807D-5DBE98692575}.Debug|Any CPU.Build.0 = Debug|Any CPU
		{C63F4BD6-7012-4DE1-807D-5DBE98692575}.Release|Any CPU.ActiveCfg = Release|Any CPU
		{C63F4BD6-7012-4DE1-807D-5DBE98692575}.Release|Any CPU.Build.0 = Release|Any CPU
		{953743DF-96C3-47F0-B9FF-42519A972A8B}.Debug|Any CPU.ActiveCfg = Debug|Any CPU
		{953743DF-96C3-47F0-B9FF-42519A972A8B}.Debug|Any CPU.Build.0 = Debug|Any CPU
		{953743DF-96C3-47F0-B9FF-42519A972A8B}.Release|Any CPU.ActiveCfg = Release|Any CPU
		{953743DF-96C3-47F0-B9FF-42519A972A8B}.Release|Any CPU.Build.0 = Release|Any CPU
	EndGlobalSection
	GlobalSection(SolutionProperties) = preSolution
		HideSolutionNode = FALSE
	EndGlobalSection
	GlobalSection(ExtensibilityGlobals) = postSolution
		SolutionGuid = {2C311692-762C-4076-B845-D8A694B1284A}
	EndGlobalSection
EndGlobal
