
Microsoft Visual Studio Solution File, Format Version 12.00
# Visual Studio Version 17
VisualStudioVersion = 17.2.32516.85
MinimumVisualStudioVersion = 10.0.40219.1
Project("{9A19103F-16F7-4668-BE54-9A1E7A4F7556}") = "DevIO.Business", "src\DevIO.Business\DevIO.Business.csproj", "{85E361F9-4E95-4A9F-8DAD-47ED2084276D}"
EndProject
Project("{9A19103F-16F7-4668-BE54-9A1E7A4F7556}") = "DevIO.Data", "src\DevIO.Data\DevIO.Data.csproj", "{D4AF8A24-A7E8-4150-AF0A-283AA999D90B}"
EndProject
Project("{9A19103F-16F7-4668-BE54-9A1E7A4F7556}") = "DevIO.Api", "src\DevIO.Api\DevIO.Api.csproj", "{C0AA0778-7E1A-4603-A10E-C21A800839DA}"
EndProject
Global
	GlobalSection(SolutionConfigurationPlatforms) = preSolution
		Debug|Any CPU = Debug|Any CPU
		Release|Any CPU = Release|Any CPU
	EndGlobalSection
	GlobalSection(ProjectConfigurationPlatforms) = postSolution
		{85E361F9-4E95-4A9F-8DAD-47ED2084276D}.Debug|Any CPU.ActiveCfg = Debug|Any CPU
		{85E361F9-4E95-4A9F-8DAD-47ED2084276D}.Debug|Any CPU.Build.0 = Debug|Any CPU
		{85E361F9-4E95-4A9F-8DAD-47ED2084276D}.Release|Any CPU.ActiveCfg = Release|Any CPU
		{85E361F9-4E95-4A9F-8DAD-47ED2084276D}.Release|Any CPU.Build.0 = Release|Any CPU
		{D4AF8A24-A7E8-4150-AF0A-283AA999D90B}.Debug|Any CPU.ActiveCfg = Debug|Any CPU
		{D4AF8A24-A7E8-4150-AF0A-283AA999D90B}.Debug|Any CPU.Build.0 = Debug|Any CPU
		{D4AF8A24-A7E8-4150-AF0A-283AA999D90B}.Release|Any CPU.ActiveCfg = Release|Any CPU
		{D4AF8A24-A7E8-4150-AF0A-283AA999D90B}.Release|Any CPU.Build.0 = Release|Any CPU
		{C0AA0778-7E1A-4603-A10E-C21A800839DA}.Debug|Any CPU.ActiveCfg = Debug|Any CPU
		{C0AA0778-7E1A-4603-A10E-C21A800839DA}.Debug|Any CPU.Build.0 = Debug|Any CPU
		{C0AA0778-7E1A-4603-A10E-C21A800839DA}.Release|Any CPU.ActiveCfg = Release|Any CPU
		{C0AA0778-7E1A-4603-A10E-C21A800839DA}.Release|Any CPU.Build.0 = Release|Any CPU
	EndGlobalSection
	GlobalSection(SolutionProperties) = preSolution
		HideSolutionNode = FALSE
	EndGlobalSection
	GlobalSection(ExtensibilityGlobals) = postSolution
		SolutionGuid = {F481C0A5-B538-4C46-BE86-35621D75A2BA}
	EndGlobalSection
EndGlobal
